// !$*UTF8*$!
{
	archiveVersion = 1;
	classes = {
	};
	objectVersion = 56;
	objects = {

/* Begin PBXBuildFile section */
		8DA5A00329C6C0D80029437A /* AppDelegate.swift in Sources */ = {isa = PBXBuildFile; fileRef = 8DA5A00229C6C0D80029437A /* AppDelegate.swift */; };
		8DA5A00529C6C0D80029437A /* SceneDelegate.swift in Sources */ = {isa = PBXBuildFile; fileRef = 8DA5A00429C6C0D80029437A /* SceneDelegate.swift */; };
		8DA5A00729C6C0D80029437A /* ViewController.swift in Sources */ = {isa = PBXBuildFile; fileRef = 8DA5A00629C6C0D80029437A /* ViewController.swift */; };
		8DA5A00A29C6C0D80029437A /* Main.storyboard in Resources */ = {isa = PBXBuildFile; fileRef = 8DA5A00829C6C0D80029437A /* Main.storyboard */; };
		8DA5A00C29C6C0D90029437A /* Assets.xcassets in Resources */ = {isa = PBXBuildFile; fileRef = 8DA5A00B29C6C0D90029437A /* Assets.xcassets */; };
		8DA5A00F29C6C0D90029437A /* LaunchScreen.storyboard in Resources */ = {isa = PBXBuildFile; fileRef = 8DA5A00D29C6C0D90029437A /* LaunchScreen.storyboard */; };
		8DA5A01A29C6C0D90029437A /* SimpleStackViewExampleTests.swift in Sources */ = {isa = PBXBuildFile; fileRef = 8DA5A01929C6C0D90029437A /* SimpleStackViewExampleTests.swift */; };
		8DA5A02429C6C0D90029437A /* SimpleStackViewExampleUITests.swift in Sources */ = {isa = PBXBuildFile; fileRef = 8DA5A02329C6C0D90029437A /* SimpleStackViewExampleUITests.swift */; };
		8DA5A02629C6C0D90029437A /* SimpleStackViewExampleUITestsLaunchTests.swift in Sources */ = {isa = PBXBuildFile; fileRef = 8DA5A02529C6C0D90029437A /* SimpleStackViewExampleUITestsLaunchTests.swift */; };
/* End PBXBuildFile section */

/* Begin PBXContainerItemProxy section */
		8DA5A01629C6C0D90029437A /* PBXContainerItemProxy */ = {
			isa = PBXContainerItemProxy;
			containerPortal = 8DA59FF729C6C0D80029437A /* Project object */;
			proxyType = 1;
			remoteGlobalIDString = 8DA59FFE29C6C0D80029437A;
			remoteInfo = SimpleStackViewExample;
		};
		8DA5A02029C6C0D90029437A /* PBXContainerItemProxy */ = {
			isa = PBXContainerItemProxy;
			containerPortal = 8DA59FF729C6C0D80029437A /* Project object */;
			proxyType = 1;
			remoteGlobalIDString = 8DA59FFE29C6C0D80029437A;
			remoteInfo = SimpleStackViewExample;
		};
/* End PBXContainerItemProxy section */

/* Begin PBXFileReference section */
		8DA59FFF29C6C0D80029437A /* SimpleStackViewExample.app */ = {isa = PBXFileReference; explicitFileType = wrapper.application; includeInIndex = 0; path = SimpleStackViewExample.app; sourceTree = BUILT_PRODUCTS_DIR; };
		8DA5A00229C6C0D80029437A /* AppDelegate.swift */ = {isa = PBXFileReference; lastKnownFileType = sourcecode.swift; path = AppDelegate.swift; sourceTree = "<group>"; };
		8DA5A00429C6C0D80029437A /* SceneDelegate.swift */ = {isa = PBXFileReference; lastKnownFileType = sourcecode.swift; path = SceneDelegate.swift; sourceTree = "<group>"; };
		8DA5A00629C6C0D80029437A /* ViewController.swift */ = {isa = PBXFileReference; lastKnownFileType = sourcecode.swift; path = ViewController.swift; sourceTree = "<group>"; };
		8DA5A00929C6C0D80029437A /* Base */ = {isa = PBXFileReference; lastKnownFileType = file.storyboard; name = Base; path = Base.lproj/Main.storyboard; sourceTree = "<group>"; };
		8DA5A00B29C6C0D90029437A /* Assets.xcassets */ = {isa = PBXFileReference; lastKnownFileType = folder.assetcatalog; path = Assets.xcassets; sourceTree = "<group>"; };
		8DA5A00E29C6C0D90029437A /* Base */ = {isa = PBXFileReference; lastKnownFileType = file.storyboard; name = Base; path = Base.lproj/LaunchScreen.storyboard; sourceTree = "<group>"; };
		8DA5A01029C6C0D90029437A /* Info.plist */ = {isa = PBXFileReference; lastKnownFileType = text.plist.xml; path = Info.plist; sourceTree = "<group>"; };
		8DA5A01529C6C0D90029437A /* SimpleStackViewExampleTests.xctest */ = {isa = PBXFileReference; explicitFileType = wrapper.cfbundle; includeInIndex = 0; path = SimpleStackViewExampleTests.xctest; sourceTree = BUILT_PRODUCTS_DIR; };
		8DA5A01929C6C0D90029437A /* SimpleStackViewExampleTests.swift */ = {isa = PBXFileReference; lastKnownFileType = sourcecode.swift; path = SimpleStackViewExampleTests.swift; sourceTree = "<group>"; };
		8DA5A01F29C6C0D90029437A /* SimpleStackViewExampleUITests.xctest */ = {isa = PBXFileReference; explicitFileType = wrapper.cfbundle; includeInIndex = 0; path = SimpleStackViewExampleUITests.xctest; sourceTree = BUILT_PRODUCTS_DIR; };
		8DA5A02329C6C0D90029437A /* SimpleStackViewExampleUITests.swift */ = {isa = PBXFileReference; lastKnownFileType = sourcecode.swift; path = SimpleStackViewExampleUITests.swift; sourceTree = "<group>"; };
		8DA5A02529C6C0D90029437A /* SimpleStackViewExampleUITestsLaunchTests.swift */ = {isa = PBXFileReference; lastKnownFileType = sourcecode.swift; path = SimpleStackViewExampleUITestsLaunchTests.swift; sourceTree = "<group>"; };
/* End PBXFileReference section */

/* Begin PBXFrameworksBuildPhase section */
		8DA59FFC29C6C0D80029437A /* Frameworks */ = {
			isa = PBXFrameworksBuildPhase;
			buildActionMask = 2147483647;
			files = (
			);
			runOnlyForDeploymentPostprocessing = 0;
		};
		8DA5A01229C6C0D90029437A /* Frameworks */ = {
			isa = PBXFrameworksBuildPhase;
			buildActionMask = 2147483647;
			files = (
			);
			runOnlyForDeploymentPostprocessing = 0;
		};
		8DA5A01C29C6C0D90029437A /* Frameworks */ = {
			isa = PBXFrameworksBuildPhase;
			buildActionMask = 2147483647;
			files = (
			);
			runOnlyForDeploymentPostprocessing = 0;
		};
/* End PBXFrameworksBuildPhase section */

/* Begin PBXGroup section */
		8DA59FF629C6C0D80029437A = {
			isa = PBXGroup;
			children = (
				8DA5A00129C6C0D80029437A /* SimpleStackViewExample */,
				8DA5A01829C6C0D90029437A /* SimpleStackViewExampleTests */,
				8DA5A02229C6C0D90029437A /* SimpleStackViewExampleUITests */,
				8DA5A00029C6C0D80029437A /* Products */,
			);
			sourceTree = "<group>";
		};
		8DA5A00029C6C0D80029437A /* Products */ = {
			isa = PBXGroup;
			children = (
				8DA59FFF29C6C0D80029437A /* SimpleStackViewExample.app */,
				8DA5A01529C6C0D90029437A /* SimpleStackViewExampleTests.xctest */,
				8DA5A01F29C6C0D90029437A /* SimpleStackViewExampleUITests.xctest */,
			);
			name = Products;
			sourceTree = "<group>";
		};
		8DA5A00129C6C0D80029437A /* SimpleStackViewExample */ = {
			isa = PBXGroup;
			children = (
				8DA5A00229C6C0D80029437A /* AppDelegate.swift */,
				8DA5A00429C6C0D80029437A /* SceneDelegate.swift */,
				8DA5A00629C6C0D80029437A /* ViewController.swift */,
				8DA5A00829C6C0D80029437A /* Main.storyboard */,
				8DA5A00B29C6C0D90029437A /* Assets.xcassets */,
				8DA5A00D29C6C0D90029437A /* LaunchScreen.storyboard */,
				8DA5A01029C6C0D90029437A /* Info.plist */,
			);
			path = SimpleStackViewExample;
			sourceTree = "<group>";
		};
		8DA5A01829C6C0D90029437A /* SimpleStackViewExampleTests */ = {
			isa = PBXGroup;
			children = (
				8DA5A01929C6C0D90029437A /* SimpleStackViewExampleTests.swift */,
			);
			path = SimpleStackViewExampleTests;
			sourceTree = "<group>";
		};
		8DA5A02229C6C0D90029437A /* SimpleStackViewExampleUITests */ = {
			isa = PBXGroup;
			children = (
				8DA5A02329C6C0D90029437A /* SimpleStackViewExampleUITests.swift */,
				8DA5A02529C6C0D90029437A /* SimpleStackViewExampleUITestsLaunchTests.swift */,
			);
			path = SimpleStackViewExampleUITests;
			sourceTree = "<group>";
		};
/* End PBXGroup section */

/* Begin PBXNativeTarget section */
		8DA59FFE29C6C0D80029437A /* SimpleStackViewExample */ = {
			isa = PBXNativeTarget;
			buildConfigurationList = 8DA5A02929C6C0D90029437A /* Build configuration list for PBXNativeTarget "SimpleStackViewExample" */;
			buildPhases = (
				8DA59FFB29C6C0D80029437A /* Sources */,
				8DA59FFC29C6C0D80029437A /* Frameworks */,
				8DA59FFD29C6C0D80029437A /* Resources */,
			);
			buildRules = (
			);
			dependencies = (
			);
			name = SimpleStackViewExample;
			productName = SimpleStackViewExample;
			productReference = 8DA59FFF29C6C0D80029437A /* SimpleStackViewExample.app */;
			productType = "com.apple.product-type.application";
		};
		8DA5A01429C6C0D90029437A /* SimpleStackViewExampleTests */ = {
			isa = PBXNativeTarget;
			buildConfigurationList = 8DA5A02C29C6C0D90029437A /* Build configuration list for PBXNativeTarget "SimpleStackViewExampleTests" */;
			buildPhases = (
				8DA5A01129C6C0D90029437A /* Sources */,
				8DA5A01229C6C0D90029437A /* Frameworks */,
				8DA5A01329C6C0D90029437A /* Resources */,
			);
			buildRules = (
			);
			dependencies = (
				8DA5A01729C6C0D90029437A /* PBXTargetDependency */,
			);
			name = SimpleStackViewExampleTests;
			productName = SimpleStackViewExampleTests;
			productReference = 8DA5A01529C6C0D90029437A /* SimpleStackViewExampleTests.xctest */;
			productType = "com.apple.product-type.bundle.unit-test";
		};
		8DA5A01E29C6C0D90029437A /* SimpleStackViewExampleUITests */ = {
			isa = PBXNativeTarget;
			buildConfigurationList = 8DA5A02F29C6C0D90029437A /* Build configuration list for PBXNativeTarget "SimpleStackViewExampleUITests" */;
			buildPhases = (
				8DA5A01B29C6C0D90029437A /* Sources */,
				8DA5A01C29C6C0D90029437A /* Frameworks */,
				8DA5A01D29C6C0D90029437A /* Resources */,
			);
			buildRules = (
			);
			dependencies = (
				8DA5A02129C6C0D90029437A /* PBXTargetDependency */,
			);
			name = SimpleStackViewExampleUITests;
			productName = SimpleStackViewExampleUITests;
			productReference = 8DA5A01F29C6C0D90029437A /* SimpleStackViewExampleUITests.xctest */;
			productType = "com.apple.product-type.bundle.ui-testing";
		};
/* End PBXNativeTarget section */

/* Begin PBXProject section */
		8DA59FF729C6C0D80029437A /* Project object */ = {
			isa = PBXProject;
			attributes = {
				BuildIndependentTargetsInParallel = 1;
				LastSwiftUpdateCheck = 1420;
				LastUpgradeCheck = 1420;
				TargetAttributes = {
					8DA59FFE29C6C0D80029437A = {
						CreatedOnToolsVersion = 14.2;
					};
					8DA5A01429C6C0D90029437A = {
						CreatedOnToolsVersion = 14.2;
						TestTargetID = 8DA59FFE29C6C0D80029437A;
					};
					8DA5A01E29C6C0D90029437A = {
						CreatedOnToolsVersion = 14.2;
						TestTargetID = 8DA59FFE29C6C0D80029437A;
					};
				};
			};
			buildConfigurationList = 8DA59FFA29C6C0D80029437A /* Build configuration list for PBXProject "SimpleStackViewExample" */;
			compatibilityVersion = "Xcode 14.0";
			developmentRegion = en;
			hasScannedForEncodings = 0;
			knownRegions = (
				en,
				Base,
			);
			mainGroup = 8DA59FF629C6C0D80029437A;
			productRefGroup = 8DA5A00029C6C0D80029437A /* Products */;
			projectDirPath = "";
			projectRoot = "";
			targets = (
				8DA59FFE29C6C0D80029437A /* SimpleStackViewExample */,
				8DA5A01429C6C0D90029437A /* SimpleStackViewExampleTests */,
				8DA5A01E29C6C0D90029437A /* SimpleStackViewExampleUITests */,
			);
		};
/* End PBXProject section */

/* Begin PBXResourcesBuildPhase section */
		8DA59FFD29C6C0D80029437A /* Resources */ = {
			isa = PBXResourcesBuildPhase;
			buildActionMask = 2147483647;
			files = (
				8DA5A00F29C6C0D90029437A /* LaunchScreen.storyboard in Resources */,
				8DA5A00C29C6C0D90029437A /* Assets.xcassets in Resources */,
				8DA5A00A29C6C0D80029437A /* Main.storyboard in Resources */,
			);
			runOnlyForDeploymentPostprocessing = 0;
		};
		8DA5A01329C6C0D90029437A /* Resources */ = {
			isa = PBXResourcesBuildPhase;
			buildActionMask = 2147483647;
			files = (
			);
			runOnlyForDeploymentPostprocessing = 0;
		};
		8DA5A01D29C6C0D90029437A /* Resources */ = {
			isa = PBXResourcesBuildPhase;
			buildActionMask = 2147483647;
			files = (
			);
			runOnlyForDeploymentPostprocessing = 0;
		};
/* End PBXResourcesBuildPhase section */

/* Begin PBXSourcesBuildPhase section */
		8DA59FFB29C6C0D80029437A /* Sources */ = {
			isa = PBXSourcesBuildPhase;
			buildActionMask = 2147483647;
			files = (
				8DA5A00729C6C0D80029437A /* ViewController.swift in Sources */,
				8DA5A00329C6C0D80029437A /* AppDelegate.swift in Sources */,
				8DA5A00529C6C0D80029437A /* SceneDelegate.swift in Sources */,
			);
			runOnlyForDeploymentPostprocessing = 0;
		};
		8DA5A01129C6C0D90029437A /* Sources */ = {
			isa = PBXSourcesBuildPhase;
			buildActionMask = 2147483647;
			files = (
				8DA5A01A29C6C0D90029437A /* SimpleStackViewExampleTests.swift in Sources */,
			);
			runOnlyForDeploymentPostprocessing = 0;
		};
		8DA5A01B29C6C0D90029437A /* Sources */ = {
			isa = PBXSourcesBuildPhase;
			buildActionMask = 2147483647;
			files = (
				8DA5A02429C6C0D90029437A /* SimpleStackViewExampleUITests.swift in Sources */,
				8DA5A02629C6C0D90029437A /* SimpleStackViewExampleUITestsLaunchTests.swift in Sources */,
			);
			runOnlyForDeploymentPostprocessing = 0;
		};
/* End PBXSourcesBuildPhase section */

/* Begin PBXTargetDependency section */
		8DA5A01729C6C0D90029437A /* PBXTargetDependency */ = {
			isa = PBXTargetDependency;
			target = 8DA59FFE29C6C0D80029437A /* SimpleStackViewExample */;
			targetProxy = 8DA5A01629C6C0D90029437A /* PBXContainerItemProxy */;
		};
		8DA5A02129C6C0D90029437A /* PBXTargetDependency */ = {
			isa = PBXTargetDependency;
			target = 8DA59FFE29C6C0D80029437A /* SimpleStackViewExample */;
			targetProxy = 8DA5A02029C6C0D90029437A /* PBXContainerItemProxy */;
		};
/* End PBXTargetDependency section */

/* Begin PBXVariantGroup section */
		8DA5A00829C6C0D80029437A /* Main.storyboard */ = {
			isa = PBXVariantGroup;
			children = (
				8DA5A00929C6C0D80029437A /* Base */,
			);
			name = Main.storyboard;
			sourceTree = "<group>";
		};
		8DA5A00D29C6C0D90029437A /* LaunchScreen.storyboard */ = {
			isa = PBXVariantGroup;
			children = (
				8DA5A00E29C6C0D90029437A /* Base */,
			);
			name = LaunchScreen.storyboard;
			sourceTree = "<group>";
		};
/* End PBXVariantGroup section */

/* Begin XCBuildConfiguration section */
		8DA5A02729C6C0D90029437A /* Debug */ = {
			isa = XCBuildConfiguration;
			buildSettings = {
				ALWAYS_SEARCH_USER_PATHS = NO;
				CLANG_ANALYZER_NONNULL = YES;
				CLANG_ANALYZER_NUMBER_OBJECT_CONVERSION = YES_AGGRESSIVE;
				CLANG_CXX_LANGUAGE_STANDARD = "gnu++20";
				CLANG_ENABLE_MODULES = YES;
				CLANG_ENABLE_OBJC_ARC = YES;
				CLANG_ENABLE_OBJC_WEAK = YES;
				CLANG_WARN_BLOCK_CAPTURE_AUTORELEASING = YES;
				CLANG_WARN_BOOL_CONVERSION = YES;
				CLANG_WARN_COMMA = YES;
				CLANG_WARN_CONSTANT_CONVERSION = YES;
				CLANG_WARN_DEPRECATED_OBJC_IMPLEMENTATIONS = YES;
				CLANG_WARN_DIRECT_OBJC_ISA_USAGE = YES_ERROR;
				CLANG_WARN_DOCUMENTATION_COMMENTS = YES;
				CLANG_WARN_EMPTY_BODY = YES;
				CLANG_WARN_ENUM_CONVERSION = YES;
				CLANG_WARN_INFINITE_RECURSION = YES;
				CLANG_WARN_INT_CONVERSION = YES;
				CLANG_WARN_NON_LITERAL_NULL_CONVERSION = YES;
				CLANG_WARN_OBJC_IMPLICIT_RETAIN_SELF = YES;
				CLANG_WARN_OBJC_LITERAL_CONVERSION = YES;
				CLANG_WARN_OBJC_ROOT_CLASS = YES_ERROR;
				CLANG_WARN_QUOTED_INCLUDE_IN_FRAMEWORK_HEADER = YES;
				CLANG_WARN_RANGE_LOOP_ANALYSIS = YES;
				CLANG_WARN_STRICT_PROTOTYPES = YES;
				CLANG_WARN_SUSPICIOUS_MOVE = YES;
				CLANG_WARN_UNGUARDED_AVAILABILITY = YES_AGGRESSIVE;
				CLANG_WARN_UNREACHABLE_CODE = YES;
				CLANG_WARN__DUPLICATE_METHOD_MATCH = YES;
				COPY_PHASE_STRIP = NO;
				DEBUG_INFORMATION_FORMAT = dwarf;
				ENABLE_STRICT_OBJC_MSGSEND = YES;
				ENABLE_TESTABILITY = YES;
				GCC_C_LANGUAGE_STANDARD = gnu11;
				GCC_DYNAMIC_NO_PIC = NO;
				GCC_NO_COMMON_BLOCKS = YES;
				GCC_OPTIMIZATION_LEVEL = 0;
				GCC_PREPROCESSOR_DEFINITIONS = (
					"DEBUG=1",
					"$(inherited)",
				);
				GCC_WARN_64_TO_32_BIT_CONVERSION = YES;
				GCC_WARN_ABOUT_RETURN_TYPE = YES_ERROR;
				GCC_WARN_UNDECLARED_SELECTOR = YES;
				GCC_WARN_UNINITIALIZED_AUTOS = YES_AGGRESSIVE;
				GCC_WARN_UNUSED_FUNCTION = YES;
				GCC_WARN_UNUSED_VARIABLE = YES;
				IPHONEOS_DEPLOYMENT_TARGET = 16.2;
				MTL_ENABLE_DEBUG_INFO = INCLUDE_SOURCE;
				MTL_FAST_MATH = YES;
				ONLY_ACTIVE_ARCH = YES;
				SDKROOT = iphoneos;
				SWIFT_ACTIVE_COMPILATION_CONDITIONS = DEBUG;
				SWIFT_OPTIMIZATION_LEVEL = "-Onone";
			};
			name = Debug;
		};
		8DA5A02829C6C0D90029437A /* Release */ = {
			isa = XCBuildConfiguration;
			buildSettings = {
				ALWAYS_SEARCH_USER_PATHS = NO;
				CLANG_ANALYZER_NONNULL = YES;
				CLANG_ANALYZER_NUMBER_OBJECT_CONVERSION = YES_AGGRESSIVE;
				CLANG_CXX_LANGUAGE_STANDARD = "gnu++20";
				CLANG_ENABLE_MODULES = YES;
				CLANG_ENABLE_OBJC_ARC = YES;
				CLANG_ENABLE_OBJC_WEAK = YES;
				CLANG_WARN_BLOCK_CAPTURE_AUTORELEASING = YES;
				CLANG_WARN_BOOL_CONVERSION = YES;
				CLANG_WARN_COMMA = YES;
				CLANG_WARN_CONSTANT_CONVERSION = YES;
				CLANG_WARN_DEPRECATED_OBJC_IMPLEMENTATIONS = YES;
				CLANG_WARN_DIRECT_OBJC_ISA_USAGE = YES_ERROR;
				CLANG_WARN_DOCUMENTATION_COMMENTS = YES;
				CLANG_WARN_EMPTY_BODY = YES;
				CLANG_WARN_ENUM_CONVERSION = YES;
				CLANG_WARN_INFINITE_RECURSION = YES;
				CLANG_WARN_INT_CONVERSION = YES;
				CLANG_WARN_NON_LITERAL_NULL_CONVERSION = YES;
				CLANG_WARN_OBJC_IMPLICIT_RETAIN_SELF = YES;
				CLANG_WARN_OBJC_LITERAL_CONVERSION = YES;
				CLANG_WARN_OBJC_ROOT_CLASS = YES_ERROR;
				CLANG_WARN_QUOTED_INCLUDE_IN_FRAMEWORK_HEADER = YES;
				CLANG_WARN_RANGE_LOOP_ANALYSIS = YES;
				CLANG_WARN_STRICT_PROTOTYPES = YES;
				CLANG_WARN_SUSPICIOUS_MOVE = YES;
				CLANG_WARN_UNGUARDED_AVAILABILITY = YES_AGGRESSIVE;
				CLANG_WARN_UNREACHABLE_CODE = YES;
				CLANG_WARN__DUPLICATE_METHOD_MATCH = YES;
				COPY_PHASE_STRIP = NO;
				DEBUG_INFORMATION_FORMAT = "dwarf-with-dsym";
				ENABLE_NS_ASSERTIONS = NO;
				ENABLE_STRICT_OBJC_MSGSEND = YES;
				GCC_C_LANGUAGE_STANDARD = gnu11;
				GCC_NO_COMMON_BLOCKS = YES;
				GCC_WARN_64_TO_32_BIT_CONVERSION = YES;
				GCC_WARN_ABOUT_RETURN_TYPE = YES_ERROR;
				GCC_WARN_UNDECLARED_SELECTOR = YES;
				GCC_WARN_UNINITIALIZED_AUTOS = YES_AGGRESSIVE;
				GCC_WARN_UNUSED_FUNCTION = YES;
				GCC_WARN_UNUSED_VARIABLE = YES;
				IPHONEOS_DEPLOYMENT_TARGET = 16.2;
				MTL_ENABLE_DEBUG_INFO = NO;
				MTL_FAST_MATH = YES;
				SDKROOT = iphoneos;
				SWIFT_COMPILATION_MODE = wholemodule;
				SWIFT_OPTIMIZATION_LEVEL = "-O";
				VALIDATE_PRODUCT = YES;
			};
			name = Release;
		};
		8DA5A02A29C6C0D90029437A /* Debug */ = {
			isa = XCBuildConfiguration;
			buildSettings = {
				ASSETCATALOG_COMPILER_APPICON_NAME = AppIcon;
				ASSETCATALOG_COMPILER_GLOBAL_ACCENT_COLOR_NAME = AccentColor;
				CODE_SIGN_STYLE = Automatic;
				CURRENT_PROJECT_VERSION = 1;
				DEVELOPMENT_TEAM = GMHUACJXLZ;
				GENERATE_INFOPLIST_FILE = YES;
				INFOPLIST_FILE = SimpleStackViewExample/Info.plist;
				INFOPLIST_KEY_UIApplicationSupportsIndirectInputEvents = YES;
				INFOPLIST_KEY_UILaunchStoryboardName = LaunchScreen;
				INFOPLIST_KEY_UIMainStoryboardFile = Main;
				INFOPLIST_KEY_UISupportedInterfaceOrientations_iPad = "UIInterfaceOrientationPortrait UIInterfaceOrientationPortraitUpsideDown UIInterfaceOrientationLandscapeLeft UIInterfaceOrientationLandscapeRight";
				INFOPLIST_KEY_UISupportedInterfaceOrientations_iPhone = "UIInterfaceOrientationPortrait UIInterfaceOrientationLandscapeLeft UIInterfaceOrientationLandscapeRight";
				LD_RUNPATH_SEARCH_PATHS = (
					"$(inherited)",
					"@executable_path/Frameworks",
				);
				MARKETING_VERSION = 1.0;
				PRODUCT_BUNDLE_IDENTIFIER = com.lonalia.SimpleStackViewExample;
				PRODUCT_NAME = "$(TARGET_NAME)";
				SWIFT_EMIT_LOC_STRINGS = YES;
				SWIFT_VERSION = 5.0;
				TARGETED_DEVICE_FAMILY = "1,2";
			};
			name = Debug;
		};
		8DA5A02B29C6C0D90029437A /* Release */ = {
			isa = XCBuildConfiguration;
			buildSettings = {
				ASSETCATALOG_COMPILER_APPICON_NAME = AppIcon;
				ASSETCATALOG_COMPILER_GLOBAL_ACCENT_COLOR_NAME = AccentColor;
				CODE_SIGN_STYLE = Automatic;
				CURRENT_PROJECT_VERSION = 1;
				DEVELOPMENT_TEAM = GMHUACJXLZ;
				GENERATE_INFOPLIST_FILE = YES;
				INFOPLIST_FILE = SimpleStackViewExample/Info.plist;
				INFOPLIST_KEY_UIApplicationSupportsIndirectInputEvents = YES;
				INFOPLIST_KEY_UILaunchStoryboardName = LaunchScreen;
				INFOPLIST_KEY_UIMainStoryboardFile = Main;
				INFOPLIST_KEY_UISupportedInterfaceOrientations_iPad = "UIInterfaceOrientationPortrait UIInterfaceOrientationPortraitUpsideDown UIInterfaceOrientationLandscapeLeft UIInterfaceOrientationLandscapeRight";
				INFOPLIST_KEY_UISupportedInterfaceOrientations_iPhone = "UIInterfaceOrientationPortrait UIInterfaceOrientationLandscapeLeft UIInterfaceOrientationLandscapeRight";
				LD_RUNPATH_SEARCH_PATHS = (
					"$(inherited)",
					"@executable_path/Frameworks",
				);
				MARKETING_VERSION = 1.0;
				PRODUCT_BUNDLE_IDENTIFIER = com.lonalia.SimpleStackViewExample;
				PRODUCT_NAME = "$(TARGET_NAME)";
				SWIFT_EMIT_LOC_STRINGS = YES;
				SWIFT_VERSION = 5.0;
				TARGETED_DEVICE_FAMILY = "1,2";
			};
			name = Release;
		};
		8DA5A02D29C6C0D90029437A /* Debug */ = {
			isa = XCBuildConfiguration;
			buildSettings = {
				ALWAYS_EMBED_SWIFT_STANDARD_LIBRARIES = YES;
				BUNDLE_LOADER = "$(TEST_HOST)";
				CODE_SIGN_STYLE = Automatic;
				CURRENT_PROJECT_VERSION = 1;
				DEVELOPMENT_TEAM = GMHUACJXLZ;
				GENERATE_INFOPLIST_FILE = YES;
				IPHONEOS_DEPLOYMENT_TARGET = 16.2;
				MARKETING_VERSION = 1.0;
				PRODUCT_BUNDLE_IDENTIFIER = com.lonalia.SimpleStackViewExampleTests;
				PRODUCT_NAME = "$(TARGET_NAME)";
				SWIFT_EMIT_LOC_STRINGS = NO;
				SWIFT_VERSION = 5.0;
				TARGETED_DEVICE_FAMILY = "1,2";
				TEST_HOST = "$(BUILT_PRODUCTS_DIR)/SimpleStackViewExample.app/$(BUNDLE_EXECUTABLE_FOLDER_PATH)/SimpleStackViewExample";
			};
			name = Debug;
		};
		8DA5A02E29C6C0D90029437A /* Release */ = {
			isa = XCBuildConfiguration;
			buildSettings = {
				ALWAYS_EMBED_SWIFT_STANDARD_LIBRARIES = YES;
				BUNDLE_LOADER = "$(TEST_HOST)";
				CODE_SIGN_STYLE = Automatic;
				CURRENT_PROJECT_VERSION = 1;
				DEVELOPMENT_TEAM = GMHUACJXLZ;
				GENERATE_INFOPLIST_FILE = YES;
				IPHONEOS_DEPLOYMENT_TARGET = 16.2;
				MARKETING_VERSION = 1.0;
				PRODUCT_BUNDLE_IDENTIFIER = com.lonalia.SimpleStackViewExampleTests;
				PRODUCT_NAME = "$(TARGET_NAME)";
				SWIFT_EMIT_LOC_STRINGS = NO;
				SWIFT_VERSION = 5.0;
				TARGETED_DEVICE_FAMILY = "1,2";
				TEST_HOST = "$(BUILT_PRODUCTS_DIR)/SimpleStackViewExample.app/$(BUNDLE_EXECUTABLE_FOLDER_PATH)/SimpleStackViewExample";
			};
			name = Release;
		};
		8DA5A03029C6C0D90029437A /* Debug */ = {
			isa = XCBuildConfiguration;
			buildSettings = {
				ALWAYS_EMBED_SWIFT_STANDARD_LIBRARIES = YES;
				CODE_SIGN_STYLE = Automatic;
				CURRENT_PROJECT_VERSION = 1;
				DEVELOPMENT_TEAM = GMHUACJXLZ;
				GENERATE_INFOPLIST_FILE = YES;
				MARKETING_VERSION = 1.0;
				PRODUCT_BUNDLE_IDENTIFIER = com.lonalia.SimpleStackViewExampleUITests;
				PRODUCT_NAME = "$(TARGET_NAME)";
				SWIFT_EMIT_LOC_STRINGS = NO;
				SWIFT_VERSION = 5.0;
				TARGETED_DEVICE_FAMILY = "1,2";
				TEST_TARGET_NAME = SimpleStackViewExample;
			};
			name = Debug;
		};
		8DA5A03129C6C0D90029437A /* Release */ = {
			isa = XCBuildConfiguration;
			buildSettings = {
				ALWAYS_EMBED_SWIFT_STANDARD_LIBRARIES = YES;
				CODE_SIGN_STYLE = Automatic;
				CURRENT_PROJECT_VERSION = 1;
				DEVELOPMENT_TEAM = GMHUACJXLZ;
				GENERATE_INFOPLIST_FILE = YES;
				MARKETING_VERSION = 1.0;
				PRODUCT_BUNDLE_IDENTIFIER = com.lonalia.SimpleStackViewExampleUITests;
				PRODUCT_NAME = "$(TARGET_NAME)";
				SWIFT_EMIT_LOC_STRINGS = NO;
				SWIFT_VERSION = 5.0;
				TARGETED_DEVICE_FAMILY = "1,2";
				TEST_TARGET_NAME = SimpleStackViewExample;
			};
			name = Release;
		};
/* End XCBuildConfiguration section */

/* Begin XCConfigurationList section */
		8DA59FFA29C6C0D80029437A /* Build configuration list for PBXProject "SimpleStackViewExample" */ = {
			isa = XCConfigurationList;
			buildConfigurations = (
				8DA5A02729C6C0D90029437A /* Debug */,
				8DA5A02829C6C0D90029437A /* Release */,
			);
			defaultConfigurationIsVisible = 0;
			defaultConfigurationName = Release;
		};
		8DA5A02929C6C0D90029437A /* Build configuration list for PBXNativeTarget "SimpleStackViewExample" */ = {
			isa = XCConfigurationList;
			buildConfigurations = (
				8DA5A02A29C6C0D90029437A /* Debug */,
				8DA5A02B29C6C0D90029437A /* Release */,
			);
			defaultConfigurationIsVisible = 0;
			defaultConfigurationName = Release;
		};
		8DA5A02C29C6C0D90029437A /* Build configuration list for PBXNativeTarget "SimpleStackViewExampleTests" */ = {
			isa = XCConfigurationList;
			buildConfigurations = (
				8DA5A02D29C6C0D90029437A /* Debug */,
				8DA5A02E29C6C0D90029437A /* Release */,
			);
			defaultConfigurationIsVisible = 0;
			defaultConfigurationName = Release;
		};
		8DA5A02F29C6C0D90029437A /* Build configuration list for PBXNativeTarget "SimpleStackViewExampleUITests" */ = {
			isa = XCConfigurationList;
			buildConfigurations = (
				8DA5A03029C6C0D90029437A /* Debug */,
				8DA5A03129C6C0D90029437A /* Release */,
			);
			defaultConfigurationIsVisible = 0;
			defaultConfigurationName = Release;
		};
/* End XCConfigurationList section */
	};
	rootObject = 8DA59FF729C6C0D80029437A /* Project object */;
}
