// !$*UTF8*$!
{
	archiveVersion = 1;
	classes = {
	};
	objectVersion = 56;
	objects = {

/* Begin PBXBuildFile section */
		8D4700F229C5CD2700EEE093 /* AppDelegate.swift in Sources */ = {isa = PBXBuildFile; fileRef = 8D4700F129C5CD2700EEE093 /* AppDelegate.swift */; };
		8D4700F429C5CD2700EEE093 /* SceneDelegate.swift in Sources */ = {isa = PBXBuildFile; fileRef = 8D4700F329C5CD2700EEE093 /* SceneDelegate.swift */; };
		8D4700F629C5CD2700EEE093 /* ViewController.swift in Sources */ = {isa = PBXBuildFile; fileRef = 8D4700F529C5CD2700EEE093 /* ViewController.swift */; };
		8D4700F929C5CD2700EEE093 /* Main.storyboard in Resources */ = {isa = PBXBuildFile; fileRef = 8D4700F729C5CD2700EEE093 /* Main.storyboard */; };
		8D4700FB29C5CD2700EEE093 /* Assets.xcassets in Resources */ = {isa = PBXBuildFile; fileRef = 8D4700FA29C5CD2700EEE093 /* Assets.xcassets */; };
		8D4700FE29C5CD2700EEE093 /* LaunchScreen.storyboard in Resources */ = {isa = PBXBuildFile; fileRef = 8D4700FC29C5CD2700EEE093 /* LaunchScreen.storyboard */; };
		8D47010929C5CD2800EEE093 /* SimpleConstraintsTests.swift in Sources */ = {isa = PBXBuildFile; fileRef = 8D47010829C5CD2800EEE093 /* SimpleConstraintsTests.swift */; };
		8D47011329C5CD2800EEE093 /* SimpleConstraintsUITests.swift in Sources */ = {isa = PBXBuildFile; fileRef = 8D47011229C5CD2800EEE093 /* SimpleConstraintsUITests.swift */; };
		8D47011529C5CD2800EEE093 /* SimpleConstraintsUITestsLaunchTests.swift in Sources */ = {isa = PBXBuildFile; fileRef = 8D47011429C5CD2800EEE093 /* SimpleConstraintsUITestsLaunchTests.swift */; };
/* End PBXBuildFile section */

/* Begin PBXContainerItemProxy section */
		8D47010529C5CD2800EEE093 /* PBXContainerItemProxy */ = {
			isa = PBXContainerItemProxy;
			containerPortal = 8D4700E629C5CD2700EEE093 /* Project object */;
			proxyType = 1;
			remoteGlobalIDString = 8D4700ED29C5CD2700EEE093;
			remoteInfo = SimpleConstraints;
		};
		8D47010F29C5CD2800EEE093 /* PBXContainerItemProxy */ = {
			isa = PBXContainerItemProxy;
			containerPortal = 8D4700E629C5CD2700EEE093 /* Project object */;
			proxyType = 1;
			remoteGlobalIDString = 8D4700ED29C5CD2700EEE093;
			remoteInfo = SimpleConstraints;
		};
/* End PBXContainerItemProxy section */

/* Begin PBXFileReference section */
		8D4700EE29C5CD2700EEE093 /* SimpleConstraints.app */ = {isa = PBXFileReference; explicitFileType = wrapper.application; includeInIndex = 0; path = SimpleConstraints.app; sourceTree = BUILT_PRODUCTS_DIR; };
		8D4700F129C5CD2700EEE093 /* AppDelegate.swift */ = {isa = PBXFileReference; lastKnownFileType = sourcecode.swift; path = AppDelegate.swift; sourceTree = "<group>"; };
		8D4700F329C5CD2700EEE093 /* SceneDelegate.swift */ = {isa = PBXFileReference; lastKnownFileType = sourcecode.swift; path = SceneDelegate.swift; sourceTree = "<group>"; };
		8D4700F529C5CD2700EEE093 /* ViewController.swift */ = {isa = PBXFileReference; lastKnownFileType = sourcecode.swift; path = ViewController.swift; sourceTree = "<group>"; };
		8D4700F829C5CD2700EEE093 /* Base */ = {isa = PBXFileReference; lastKnownFileType = file.storyboard; name = Base; path = Base.lproj/Main.storyboard; sourceTree = "<group>"; };
		8D4700FA29C5CD2700EEE093 /* Assets.xcassets */ = {isa = PBXFileReference; lastKnownFileType = folder.assetcatalog; path = Assets.xcassets; sourceTree = "<group>"; };
		8D4700FD29C5CD2700EEE093 /* Base */ = {isa = PBXFileReference; lastKnownFileType = file.storyboard; name = Base; path = Base.lproj/LaunchScreen.storyboard; sourceTree = "<group>"; };
		8D4700FF29C5CD2700EEE093 /* Info.plist */ = {isa = PBXFileReference; lastKnownFileType = text.plist.xml; path = Info.plist; sourceTree = "<group>"; };
		8D47010429C5CD2800EEE093 /* SimpleConstraintsTests.xctest */ = {isa = PBXFileReference; explicitFileType = wrapper.cfbundle; includeInIndex = 0; path = SimpleConstraintsTests.xctest; sourceTree = BUILT_PRODUCTS_DIR; };
		8D47010829C5CD2800EEE093 /* SimpleConstraintsTests.swift */ = {isa = PBXFileReference; lastKnownFileType = sourcecode.swift; path = SimpleConstraintsTests.swift; sourceTree = "<group>"; };
		8D47010E29C5CD2800EEE093 /* SimpleConstraintsUITests.xctest */ = {isa = PBXFileReference; explicitFileType = wrapper.cfbundle; includeInIndex = 0; path = SimpleConstraintsUITests.xctest; sourceTree = BUILT_PRODUCTS_DIR; };
		8D47011229C5CD2800EEE093 /* SimpleConstraintsUITests.swift */ = {isa = PBXFileReference; lastKnownFileType = sourcecode.swift; path = SimpleConstraintsUITests.swift; sourceTree = "<group>"; };
		8D47011429C5CD2800EEE093 /* SimpleConstraintsUITestsLaunchTests.swift */ = {isa = PBXFileReference; lastKnownFileType = sourcecode.swift; path = SimpleConstraintsUITestsLaunchTests.swift; sourceTree = "<group>"; };
/* End PBXFileReference section */

/* Begin PBXFrameworksBuildPhase section */
		8D4700EB29C5CD2700EEE093 /* Frameworks */ = {
			isa = PBXFrameworksBuildPhase;
			buildActionMask = 2147483647;
			files = (
			);
			runOnlyForDeploymentPostprocessing = 0;
		};
		8D47010129C5CD2800EEE093 /* Frameworks */ = {
			isa = PBXFrameworksBuildPhase;
			buildActionMask = 2147483647;
			files = (
			);
			runOnlyForDeploymentPostprocessing = 0;
		};
		8D47010B29C5CD2800EEE093 /* Frameworks */ = {
			isa = PBXFrameworksBuildPhase;
			buildActionMask = 2147483647;
			files = (
			);
			runOnlyForDeploymentPostprocessing = 0;
		};
/* End PBXFrameworksBuildPhase section */

/* Begin PBXGroup section */
		8D4700E529C5CD2700EEE093 = {
			isa = PBXGroup;
			children = (
				8D4700F029C5CD2700EEE093 /* SimpleConstraints */,
				8D47010729C5CD2800EEE093 /* SimpleConstraintsTests */,
				8D47011129C5CD2800EEE093 /* SimpleConstraintsUITests */,
				8D4700EF29C5CD2700EEE093 /* Products */,
			);
			sourceTree = "<group>";
		};
		8D4700EF29C5CD2700EEE093 /* Products */ = {
			isa = PBXGroup;
			children = (
				8D4700EE29C5CD2700EEE093 /* SimpleConstraints.app */,
				8D47010429C5CD2800EEE093 /* SimpleConstraintsTests.xctest */,
				8D47010E29C5CD2800EEE093 /* SimpleConstraintsUITests.xctest */,
			);
			name = Products;
			sourceTree = "<group>";
		};
		8D4700F029C5CD2700EEE093 /* SimpleConstraints */ = {
			isa = PBXGroup;
			children = (
				8D4700F129C5CD2700EEE093 /* AppDelegate.swift */,
				8D4700F329C5CD2700EEE093 /* SceneDelegate.swift */,
				8D4700F529C5CD2700EEE093 /* ViewController.swift */,
				8D4700F729C5CD2700EEE093 /* Main.storyboard */,
				8D4700FA29C5CD2700EEE093 /* Assets.xcassets */,
				8D4700FC29C5CD2700EEE093 /* LaunchScreen.storyboard */,
				8D4700FF29C5CD2700EEE093 /* Info.plist */,
			);
			path = SimpleConstraints;
			sourceTree = "<group>";
		};
		8D47010729C5CD2800EEE093 /* SimpleConstraintsTests */ = {
			isa = PBXGroup;
			children = (
				8D47010829C5CD2800EEE093 /* SimpleConstraintsTests.swift */,
			);
			path = SimpleConstraintsTests;
			sourceTree = "<group>";
		};
		8D47011129C5CD2800EEE093 /* SimpleConstraintsUITests */ = {
			isa = PBXGroup;
			children = (
				8D47011229C5CD2800EEE093 /* SimpleConstraintsUITests.swift */,
				8D47011429C5CD2800EEE093 /* SimpleConstraintsUITestsLaunchTests.swift */,
			);
			path = SimpleConstraintsUITests;
			sourceTree = "<group>";
		};
/* End PBXGroup section */

/* Begin PBXNativeTarget section */
		8D4700ED29C5CD2700EEE093 /* SimpleConstraints */ = {
			isa = PBXNativeTarget;
			buildConfigurationList = 8D47011829C5CD2800EEE093 /* Build configuration list for PBXNativeTarget "SimpleConstraints" */;
			buildPhases = (
				8D4700EA29C5CD2700EEE093 /* Sources */,
				8D4700EB29C5CD2700EEE093 /* Frameworks */,
				8D4700EC29C5CD2700EEE093 /* Resources */,
			);
			buildRules = (
			);
			dependencies = (
			);
			name = SimpleConstraints;
			productName = SimpleConstraints;
			productReference = 8D4700EE29C5CD2700EEE093 /* SimpleConstraints.app */;
			productType = "com.apple.product-type.application";
		};
		8D47010329C5CD2800EEE093 /* SimpleConstraintsTests */ = {
			isa = PBXNativeTarget;
			buildConfigurationList = 8D47011B29C5CD2800EEE093 /* Build configuration list for PBXNativeTarget "SimpleConstraintsTests" */;
			buildPhases = (
				8D47010029C5CD2800EEE093 /* Sources */,
				8D47010129C5CD2800EEE093 /* Frameworks */,
				8D47010229C5CD2800EEE093 /* Resources */,
			);
			buildRules = (
			);
			dependencies = (
				8D47010629C5CD2800EEE093 /* PBXTargetDependency */,
			);
			name = SimpleConstraintsTests;
			productName = SimpleConstraintsTests;
			productReference = 8D47010429C5CD2800EEE093 /* SimpleConstraintsTests.xctest */;
			productType = "com.apple.product-type.bundle.unit-test";
		};
		8D47010D29C5CD2800EEE093 /* SimpleConstraintsUITests */ = {
			isa = PBXNativeTarget;
			buildConfigurationList = 8D47011E29C5CD2800EEE093 /* Build configuration list for PBXNativeTarget "SimpleConstraintsUITests" */;
			buildPhases = (
				8D47010A29C5CD2800EEE093 /* Sources */,
				8D47010B29C5CD2800EEE093 /* Frameworks */,
				8D47010C29C5CD2800EEE093 /* Resources */,
			);
			buildRules = (
			);
			dependencies = (
				8D47011029C5CD2800EEE093 /* PBXTargetDependency */,
			);
			name = SimpleConstraintsUITests;
			productName = SimpleConstraintsUITests;
			productReference = 8D47010E29C5CD2800EEE093 /* SimpleConstraintsUITests.xctest */;
			productType = "com.apple.product-type.bundle.ui-testing";
		};
/* End PBXNativeTarget section */

/* Begin PBXProject section */
		8D4700E629C5CD2700EEE093 /* Project object */ = {
			isa = PBXProject;
			attributes = {
				BuildIndependentTargetsInParallel = 1;
				LastSwiftUpdateCheck = 1420;
				LastUpgradeCheck = 1420;
				TargetAttributes = {
					8D4700ED29C5CD2700EEE093 = {
						CreatedOnToolsVersion = 14.2;
					};
					8D47010329C5CD2800EEE093 = {
						CreatedOnToolsVersion = 14.2;
						TestTargetID = 8D4700ED29C5CD2700EEE093;
					};
					8D47010D29C5CD2800EEE093 = {
						CreatedOnToolsVersion = 14.2;
						TestTargetID = 8D4700ED29C5CD2700EEE093;
					};
				};
			};
			buildConfigurationList = 8D4700E929C5CD2700EEE093 /* Build configuration list for PBXProject "SimpleConstraints" */;
			compatibilityVersion = "Xcode 14.0";
			developmentRegion = en;
			hasScannedForEncodings = 0;
			knownRegions = (
				en,
				Base,
			);
			mainGroup = 8D4700E529C5CD2700EEE093;
			productRefGroup = 8D4700EF29C5CD2700EEE093 /* Products */;
			projectDirPath = "";
			projectRoot = "";
			targets = (
				8D4700ED29C5CD2700EEE093 /* SimpleConstraints */,
				8D47010329C5CD2800EEE093 /* SimpleConstraintsTests */,
				8D47010D29C5CD2800EEE093 /* SimpleConstraintsUITests */,
			);
		};
/* End PBXProject section */

/* Begin PBXResourcesBuildPhase section */
		8D4700EC29C5CD2700EEE093 /* Resources */ = {
			isa = PBXResourcesBuildPhase;
			buildActionMask = 2147483647;
			files = (
				8D4700FE29C5CD2700EEE093 /* LaunchScreen.storyboard in Resources */,
				8D4700FB29C5CD2700EEE093 /* Assets.xcassets in Resources */,
				8D4700F929C5CD2700EEE093 /* Main.storyboard in Resources */,
			);
			runOnlyForDeploymentPostprocessing = 0;
		};
		8D47010229C5CD2800EEE093 /* Resources */ = {
			isa = PBXResourcesBuildPhase;
			buildActionMask = 2147483647;
			files = (
			);
			runOnlyForDeploymentPostprocessing = 0;
		};
		8D47010C29C5CD2800EEE093 /* Resources */ = {
			isa = PBXResourcesBuildPhase;
			buildActionMask = 2147483647;
			files = (
			);
			runOnlyForDeploymentPostprocessing = 0;
		};
/* End PBXResourcesBuildPhase section */

/* Begin PBXSourcesBuildPhase section */
		8D4700EA29C5CD2700EEE093 /* Sources */ = {
			isa = PBXSourcesBuildPhase;
			buildActionMask = 2147483647;
			files = (
				8D4700F629C5CD2700EEE093 /* ViewController.swift in Sources */,
				8D4700F229C5CD2700EEE093 /* AppDelegate.swift in Sources */,
				8D4700F429C5CD2700EEE093 /* SceneDelegate.swift in Sources */,
			);
			runOnlyForDeploymentPostprocessing = 0;
		};
		8D47010029C5CD2800EEE093 /* Sources */ = {
			isa = PBXSourcesBuildPhase;
			buildActionMask = 2147483647;
			files = (
				8D47010929C5CD2800EEE093 /* SimpleConstraintsTests.swift in Sources */,
			);
			runOnlyForDeploymentPostprocessing = 0;
		};
		8D47010A29C5CD2800EEE093 /* Sources */ = {
			isa = PBXSourcesBuildPhase;
			buildActionMask = 2147483647;
			files = (
				8D47011329C5CD2800EEE093 /* SimpleConstraintsUITests.swift in Sources */,
				8D47011529C5CD2800EEE093 /* SimpleConstraintsUITestsLaunchTests.swift in Sources */,
			);
			runOnlyForDeploymentPostprocessing = 0;
		};
/* End PBXSourcesBuildPhase section */

/* Begin PBXTargetDependency section */
		8D47010629C5CD2800EEE093 /* PBXTargetDependency */ = {
			isa = PBXTargetDependency;
			target = 8D4700ED29C5CD2700EEE093 /* SimpleConstraints */;
			targetProxy = 8D47010529C5CD2800EEE093 /* PBXContainerItemProxy */;
		};
		8D47011029C5CD2800EEE093 /* PBXTargetDependency */ = {
			isa = PBXTargetDependency;
			target = 8D4700ED29C5CD2700EEE093 /* SimpleConstraints */;
			targetProxy = 8D47010F29C5CD2800EEE093 /* PBXContainerItemProxy */;
		};
/* End PBXTargetDependency section */

/* Begin PBXVariantGroup section */
		8D4700F729C5CD2700EEE093 /* Main.storyboard */ = {
			isa = PBXVariantGroup;
			children = (
				8D4700F829C5CD2700EEE093 /* Base */,
			);
			name = Main.storyboard;
			sourceTree = "<group>";
		};
		8D4700FC29C5CD2700EEE093 /* LaunchScreen.storyboard */ = {
			isa = PBXVariantGroup;
			children = (
				8D4700FD29C5CD2700EEE093 /* Base */,
			);
			name = LaunchScreen.storyboard;
			sourceTree = "<group>";
		};
/* End PBXVariantGroup section */

/* Begin XCBuildConfiguration section */
		8D47011629C5CD2800EEE093 /* Debug */ = {
			isa = XCBuildConfiguration;
			buildSettings = {
				ALWAYS_SEARCH_USER_PATHS = NO;
				CLANG_ANALYZER_NONNULL = YES;
				CLANG_ANALYZER_NUMBER_OBJECT_CONVERSION = YES_AGGRESSIVE;
				CLANG_CXX_LANGUAGE_STANDARD = "gnu++20";
				CLANG_ENABLE_MODULES = YES;
				CLANG_ENABLE_OBJC_ARC = YES;
				CLANG_ENABLE_OBJC_WEAK = YES;
				CLANG_WARN_BLOCK_CAPTURE_AUTORELEASING = YES;
				CLANG_WARN_BOOL_CONVERSION = YES;
				CLANG_WARN_COMMA = YES;
				CLANG_WARN_CONSTANT_CONVERSION = YES;
				CLANG_WARN_DEPRECATED_OBJC_IMPLEMENTATIONS = YES;
				CLANG_WARN_DIRECT_OBJC_ISA_USAGE = YES_ERROR;
				CLANG_WARN_DOCUMENTATION_COMMENTS = YES;
				CLANG_WARN_EMPTY_BODY = YES;
				CLANG_WARN_ENUM_CONVERSION = YES;
				CLANG_WARN_INFINITE_RECURSION = YES;
				CLANG_WARN_INT_CONVERSION = YES;
				CLANG_WARN_NON_LITERAL_NULL_CONVERSION = YES;
				CLANG_WARN_OBJC_IMPLICIT_RETAIN_SELF = YES;
				CLANG_WARN_OBJC_LITERAL_CONVERSION = YES;
				CLANG_WARN_OBJC_ROOT_CLASS = YES_ERROR;
				CLANG_WARN_QUOTED_INCLUDE_IN_FRAMEWORK_HEADER = YES;
				CLANG_WARN_RANGE_LOOP_ANALYSIS = YES;
				CLANG_WARN_STRICT_PROTOTYPES = YES;
				CLANG_WARN_SUSPICIOUS_MOVE = YES;
				CLANG_WARN_UNGUARDED_AVAILABILITY = YES_AGGRESSIVE;
				CLANG_WARN_UNREACHABLE_CODE = YES;
				CLANG_WARN__DUPLICATE_METHOD_MATCH = YES;
				COPY_PHASE_STRIP = NO;
				DEBUG_INFORMATION_FORMAT = dwarf;
				ENABLE_STRICT_OBJC_MSGSEND = YES;
				ENABLE_TESTABILITY = YES;
				GCC_C_LANGUAGE_STANDARD = gnu11;
				GCC_DYNAMIC_NO_PIC = NO;
				GCC_NO_COMMON_BLOCKS = YES;
				GCC_OPTIMIZATION_LEVEL = 0;
				GCC_PREPROCESSOR_DEFINITIONS = (
					"DEBUG=1",
					"$(inherited)",
				);
				GCC_WARN_64_TO_32_BIT_CONVERSION = YES;
				GCC_WARN_ABOUT_RETURN_TYPE = YES_ERROR;
				GCC_WARN_UNDECLARED_SELECTOR = YES;
				GCC_WARN_UNINITIALIZED_AUTOS = YES_AGGRESSIVE;
				GCC_WARN_UNUSED_FUNCTION = YES;
				GCC_WARN_UNUSED_VARIABLE = YES;
				IPHONEOS_DEPLOYMENT_TARGET = 16.2;
				MTL_ENABLE_DEBUG_INFO = INCLUDE_SOURCE;
				MTL_FAST_MATH = YES;
				ONLY_ACTIVE_ARCH = YES;
				SDKROOT = iphoneos;
				SWIFT_ACTIVE_COMPILATION_CONDITIONS = DEBUG;
				SWIFT_OPTIMIZATION_LEVEL = "-Onone";
			};
			name = Debug;
		};
		8D47011729C5CD2800EEE093 /* Release */ = {
			isa = XCBuildConfiguration;
			buildSettings = {
				ALWAYS_SEARCH_USER_PATHS = NO;
				CLANG_ANALYZER_NONNULL = YES;
				CLANG_ANALYZER_NUMBER_OBJECT_CONVERSION = YES_AGGRESSIVE;
				CLANG_CXX_LANGUAGE_STANDARD = "gnu++20";
				CLANG_ENABLE_MODULES = YES;
				CLANG_ENABLE_OBJC_ARC = YES;
				CLANG_ENABLE_OBJC_WEAK = YES;
				CLANG_WARN_BLOCK_CAPTURE_AUTORELEASING = YES;
				CLANG_WARN_BOOL_CONVERSION = YES;
				CLANG_WARN_COMMA = YES;
				CLANG_WARN_CONSTANT_CONVERSION = YES;
				CLANG_WARN_DEPRECATED_OBJC_IMPLEMENTATIONS = YES;
				CLANG_WARN_DIRECT_OBJC_ISA_USAGE = YES_ERROR;
				CLANG_WARN_DOCUMENTATION_COMMENTS = YES;
				CLANG_WARN_EMPTY_BODY = YES;
				CLANG_WARN_ENUM_CONVERSION = YES;
				CLANG_WARN_INFINITE_RECURSION = YES;
				CLANG_WARN_INT_CONVERSION = YES;
				CLANG_WARN_NON_LITERAL_NULL_CONVERSION = YES;
				CLANG_WARN_OBJC_IMPLICIT_RETAIN_SELF = YES;
				CLANG_WARN_OBJC_LITERAL_CONVERSION = YES;
				CLANG_WARN_OBJC_ROOT_CLASS = YES_ERROR;
				CLANG_WARN_QUOTED_INCLUDE_IN_FRAMEWORK_HEADER = YES;
				CLANG_WARN_RANGE_LOOP_ANALYSIS = YES;
				CLANG_WARN_STRICT_PROTOTYPES = YES;
				CLANG_WARN_SUSPICIOUS_MOVE = YES;
				CLANG_WARN_UNGUARDED_AVAILABILITY = YES_AGGRESSIVE;
				CLANG_WARN_UNREACHABLE_CODE = YES;
				CLANG_WARN__DUPLICATE_METHOD_MATCH = YES;
				COPY_PHASE_STRIP = NO;
				DEBUG_INFORMATION_FORMAT = "dwarf-with-dsym";
				ENABLE_NS_ASSERTIONS = NO;
				ENABLE_STRICT_OBJC_MSGSEND = YES;
				GCC_C_LANGUAGE_STANDARD = gnu11;
				GCC_NO_COMMON_BLOCKS = YES;
				GCC_WARN_64_TO_32_BIT_CONVERSION = YES;
				GCC_WARN_ABOUT_RETURN_TYPE = YES_ERROR;
				GCC_WARN_UNDECLARED_SELECTOR = YES;
				GCC_WARN_UNINITIALIZED_AUTOS = YES_AGGRESSIVE;
				GCC_WARN_UNUSED_FUNCTION = YES;
				GCC_WARN_UNUSED_VARIABLE = YES;
				IPHONEOS_DEPLOYMENT_TARGET = 16.2;
				MTL_ENABLE_DEBUG_INFO = NO;
				MTL_FAST_MATH = YES;
				SDKROOT = iphoneos;
				SWIFT_COMPILATION_MODE = wholemodule;
				SWIFT_OPTIMIZATION_LEVEL = "-O";
				VALIDATE_PRODUCT = YES;
			};
			name = Release;
		};
		8D47011929C5CD2800EEE093 /* Debug */ = {
			isa = XCBuildConfiguration;
			buildSettings = {
				ASSETCATALOG_COMPILER_APPICON_NAME = AppIcon;
				ASSETCATALOG_COMPILER_GLOBAL_ACCENT_COLOR_NAME = AccentColor;
				CODE_SIGN_STYLE = Automatic;
				CURRENT_PROJECT_VERSION = 1;
				DEVELOPMENT_TEAM = GMHUACJXLZ;
				GENERATE_INFOPLIST_FILE = YES;
				INFOPLIST_FILE = SimpleConstraints/Info.plist;
				INFOPLIST_KEY_UIApplicationSupportsIndirectInputEvents = YES;
				INFOPLIST_KEY_UILaunchStoryboardName = LaunchScreen;
				INFOPLIST_KEY_UIMainStoryboardFile = Main;
				INFOPLIST_KEY_UISupportedInterfaceOrientations_iPad = "UIInterfaceOrientationPortrait UIInterfaceOrientationPortraitUpsideDown UIInterfaceOrientationLandscapeLeft UIInterfaceOrientationLandscapeRight";
				INFOPLIST_KEY_UISupportedInterfaceOrientations_iPhone = "UIInterfaceOrientationPortrait UIInterfaceOrientationLandscapeLeft UIInterfaceOrientationLandscapeRight";
				LD_RUNPATH_SEARCH_PATHS = (
					"$(inherited)",
					"@executable_path/Frameworks",
				);
				MARKETING_VERSION = 1.0;
				PRODUCT_BUNDLE_IDENTIFIER = com.lonalia.SimpleConstraints;
				PRODUCT_NAME = "$(TARGET_NAME)";
				SWIFT_EMIT_LOC_STRINGS = YES;
				SWIFT_VERSION = 5.0;
				TARGETED_DEVICE_FAMILY = "1,2";
			};
			name = Debug;
		};
		8D47011A29C5CD2800EEE093 /* Release */ = {
			isa = XCBuildConfiguration;
			buildSettings = {
				ASSETCATALOG_COMPILER_APPICON_NAME = AppIcon;
				ASSETCATALOG_COMPILER_GLOBAL_ACCENT_COLOR_NAME = AccentColor;
				CODE_SIGN_STYLE = Automatic;
				CURRENT_PROJECT_VERSION = 1;
				DEVELOPMENT_TEAM = GMHUACJXLZ;
				GENERATE_INFOPLIST_FILE = YES;
				INFOPLIST_FILE = SimpleConstraints/Info.plist;
				INFOPLIST_KEY_UIApplicationSupportsIndirectInputEvents = YES;
				INFOPLIST_KEY_UILaunchStoryboardName = LaunchScreen;
				INFOPLIST_KEY_UIMainStoryboardFile = Main;
				INFOPLIST_KEY_UISupportedInterfaceOrientations_iPad = "UIInterfaceOrientationPortrait UIInterfaceOrientationPortraitUpsideDown UIInterfaceOrientationLandscapeLeft UIInterfaceOrientationLandscapeRight";
				INFOPLIST_KEY_UISupportedInterfaceOrientations_iPhone = "UIInterfaceOrientationPortrait UIInterfaceOrientationLandscapeLeft UIInterfaceOrientationLandscapeRight";
				LD_RUNPATH_SEARCH_PATHS = (
					"$(inherited)",
					"@executable_path/Frameworks",
				);
				MARKETING_VERSION = 1.0;
				PRODUCT_BUNDLE_IDENTIFIER = com.lonalia.SimpleConstraints;
				PRODUCT_NAME = "$(TARGET_NAME)";
				SWIFT_EMIT_LOC_STRINGS = YES;
				SWIFT_VERSION = 5.0;
				TARGETED_DEVICE_FAMILY = "1,2";
			};
			name = Release;
		};
		8D47011C29C5CD2800EEE093 /* Debug */ = {
			isa = XCBuildConfiguration;
			buildSettings = {
				ALWAYS_EMBED_SWIFT_STANDARD_LIBRARIES = YES;
				BUNDLE_LOADER = "$(TEST_HOST)";
				CODE_SIGN_STYLE = Automatic;
				CURRENT_PROJECT_VERSION = 1;
				DEVELOPMENT_TEAM = GMHUACJXLZ;
				GENERATE_INFOPLIST_FILE = YES;
				IPHONEOS_DEPLOYMENT_TARGET = 16.2;
				MARKETING_VERSION = 1.0;
				PRODUCT_BUNDLE_IDENTIFIER = com.lonalia.SimpleConstraintsTests;
				PRODUCT_NAME = "$(TARGET_NAME)";
				SWIFT_EMIT_LOC_STRINGS = NO;
				SWIFT_VERSION = 5.0;
				TARGETED_DEVICE_FAMILY = "1,2";
				TEST_HOST = "$(BUILT_PRODUCTS_DIR)/SimpleConstraints.app/$(BUNDLE_EXECUTABLE_FOLDER_PATH)/SimpleConstraints";
			};
			name = Debug;
		};
		8D47011D29C5CD2800EEE093 /* Release */ = {
			isa = XCBuildConfiguration;
			buildSettings = {
				ALWAYS_EMBED_SWIFT_STANDARD_LIBRARIES = YES;
				BUNDLE_LOADER = "$(TEST_HOST)";
				CODE_SIGN_STYLE = Automatic;
				CURRENT_PROJECT_VERSION = 1;
				DEVELOPMENT_TEAM = GMHUACJXLZ;
				GENERATE_INFOPLIST_FILE = YES;
				IPHONEOS_DEPLOYMENT_TARGET = 16.2;
				MARKETING_VERSION = 1.0;
				PRODUCT_BUNDLE_IDENTIFIER = com.lonalia.SimpleConstraintsTests;
				PRODUCT_NAME = "$(TARGET_NAME)";
				SWIFT_EMIT_LOC_STRINGS = NO;
				SWIFT_VERSION = 5.0;
				TARGETED_DEVICE_FAMILY = "1,2";
				TEST_HOST = "$(BUILT_PRODUCTS_DIR)/SimpleConstraints.app/$(BUNDLE_EXECUTABLE_FOLDER_PATH)/SimpleConstraints";
			};
			name = Release;
		};
		8D47011F29C5CD2800EEE093 /* Debug */ = {
			isa = XCBuildConfiguration;
			buildSettings = {
				ALWAYS_EMBED_SWIFT_STANDARD_LIBRARIES = YES;
				CODE_SIGN_STYLE = Automatic;
				CURRENT_PROJECT_VERSION = 1;
				DEVELOPMENT_TEAM = GMHUACJXLZ;
				GENERATE_INFOPLIST_FILE = YES;
				MARKETING_VERSION = 1.0;
				PRODUCT_BUNDLE_IDENTIFIER = com.lonalia.SimpleConstraintsUITests;
				PRODUCT_NAME = "$(TARGET_NAME)";
				SWIFT_EMIT_LOC_STRINGS = NO;
				SWIFT_VERSION = 5.0;
				TARGETED_DEVICE_FAMILY = "1,2";
				TEST_TARGET_NAME = SimpleConstraints;
			};
			name = Debug;
		};
		8D47012029C5CD2800EEE093 /* Release */ = {
			isa = XCBuildConfiguration;
			buildSettings = {
				ALWAYS_EMBED_SWIFT_STANDARD_LIBRARIES = YES;
				CODE_SIGN_STYLE = Automatic;
				CURRENT_PROJECT_VERSION = 1;
				DEVELOPMENT_TEAM = GMHUACJXLZ;
				GENERATE_INFOPLIST_FILE = YES;
				MARKETING_VERSION = 1.0;
				PRODUCT_BUNDLE_IDENTIFIER = com.lonalia.SimpleConstraintsUITests;
				PRODUCT_NAME = "$(TARGET_NAME)";
				SWIFT_EMIT_LOC_STRINGS = NO;
				SWIFT_VERSION = 5.0;
				TARGETED_DEVICE_FAMILY = "1,2";
				TEST_TARGET_NAME = SimpleConstraints;
			};
			name = Release;
		};
/* End XCBuildConfiguration section */

/* Begin XCConfigurationList section */
		8D4700E929C5CD2700EEE093 /* Build configuration list for PBXProject "SimpleConstraints" */ = {
			isa = XCConfigurationList;
			buildConfigurations = (
				8D47011629C5CD2800EEE093 /* Debug */,
				8D47011729C5CD2800EEE093 /* Release */,
			);
			defaultConfigurationIsVisible = 0;
			defaultConfigurationName = Release;
		};
		8D47011829C5CD2800EEE093 /* Build configuration list for PBXNativeTarget "SimpleConstraints" */ = {
			isa = XCConfigurationList;
			buildConfigurations = (
				8D47011929C5CD2800EEE093 /* Debug */,
				8D47011A29C5CD2800EEE093 /* Release */,
			);
			defaultConfigurationIsVisible = 0;
			defaultConfigurationName = Release;
		};
		8D47011B29C5CD2800EEE093 /* Build configuration list for PBXNativeTarget "SimpleConstraintsTests" */ = {
			isa = XCConfigurationList;
			buildConfigurations = (
				8D47011C29C5CD2800EEE093 /* Debug */,
				8D47011D29C5CD2800EEE093 /* Release */,
			);
			defaultConfigurationIsVisible = 0;
			defaultConfigurationName = Release;
		};
		8D47011E29C5CD2800EEE093 /* Build configuration list for PBXNativeTarget "SimpleConstraintsUITests" */ = {
			isa = XCConfigurationList;
			buildConfigurations = (
				8D47011F29C5CD2800EEE093 /* Debug */,
				8D47012029C5CD2800EEE093 /* Release */,
			);
			defaultConfigurationIsVisible = 0;
			defaultConfigurationName = Release;
		};
/* End XCConfigurationList section */
	};
	rootObject = 8D4700E629C5CD2700EEE093 /* Project object */;
}
